
Microsoft Visual Studio Solution File, Format Version 12.00
# Visual Studio Version 17
VisualStudioVersion = 17.6.33829.357
MinimumVisualStudioVersion = 10.0.40219.1
Project("{9A19103F-16F7-4668-BE54-9A1E7A4F7556}") = "ProjectCrud.Models", "ProjectCrud.Models\ProjectCrud.Models.csproj", "{ABE124C2-87E1-4608-A36B-F9E62E6130BE}"
EndProject
Project("{9A19103F-16F7-4668-BE54-9A1E7A4F7556}") = "ProjectCrud.DAL", "ProjectCrud.DAL\ProjectCrud.DAL.csproj", "{9383517F-BEDD-4248-B78D-C23195069705}"
EndProject
Project("{9A19103F-16F7-4668-BE54-9A1E7A4F7556}") = "ProjectCrud.BLL", "ProjectCrud.BLL\ProjectCrud.BLL.csproj", "{58DFE81D-E6AF-4FC3-82A4-207FC66130E1}"
EndProject
Project("{FAE04EC0-301F-11D3-BF4B-00C04F79EFBC}") = "ProjectCrud.API", "ProjectCrud.UI\ProjectCrud.API.csproj", "{4FA2726A-1F5D-46F3-BA1D-A126B8BA074F}"
EndProject
Global
	GlobalSection(SolutionConfigurationPlatforms) = preSolution
		Debug|Any CPU = Debug|Any CPU
		Release|Any CPU = Release|Any CPU
	EndGlobalSection
	GlobalSection(ProjectConfigurationPlatforms) = postSolution
		{ABE124C2-87E1-4608-A36B-F9E62E6130BE}.Debug|Any CPU.ActiveCfg = Debug|Any CPU
		{ABE124C2-87E1-4608-A36B-F9E62E6130BE}.Debug|Any CPU.Build.0 = Debug|Any CPU
		{ABE124C2-87E1-4608-A36B-F9E62E6130BE}.Release|Any CPU.ActiveCfg = Release|Any CPU
		{ABE124C2-87E1-4608-A36B-F9E62E6130BE}.Release|Any CPU.Build.0 = Release|Any CPU
		{9383517F-BEDD-4248-B78D-C23195069705}.Debug|Any CPU.ActiveCfg = Debug|Any CPU
		{9383517F-BEDD-4248-B78D-C23195069705}.Debug|Any CPU.Build.0 = Debug|Any CPU
		{9383517F-BEDD-4248-B78D-C23195069705}.Release|Any CPU.ActiveCfg = Release|Any CPU
		{9383517F-BEDD-4248-B78D-C23195069705}.Release|Any CPU.Build.0 = Release|Any CPU
		{58DFE81D-E6AF-4FC3-82A4-207FC66130E1}.Debug|Any CPU.ActiveCfg = Debug|Any CPU
		{58DFE81D-E6AF-4FC3-82A4-207FC66130E1}.Debug|Any CPU.Build.0 = Debug|Any CPU
		{58DFE81D-E6AF-4FC3-82A4-207FC66130E1}.Release|Any CPU.ActiveCfg = Release|Any CPU
		{58DFE81D-E6AF-4FC3-82A4-207FC66130E1}.Release|Any CPU.Build.0 = Release|Any CPU
		{4FA2726A-1F5D-46F3-BA1D-A126B8BA074F}.Debug|Any CPU.ActiveCfg = Debug|Any CPU
		{4FA2726A-1F5D-46F3-BA1D-A126B8BA074F}.Debug|Any CPU.Build.0 = Debug|Any CPU
		{4FA2726A-1F5D-46F3-BA1D-A126B8BA074F}.Release|Any CPU.ActiveCfg = Release|Any CPU
		{4FA2726A-1F5D-46F3-BA1D-A126B8BA074F}.Release|Any CPU.Build.0 = Release|Any CPU
	EndGlobalSection
	GlobalSection(SolutionProperties) = preSolution
		HideSolutionNode = FALSE
	EndGlobalSection
	GlobalSection(ExtensibilityGlobals) = postSolution
		SolutionGuid = {6081CEF5-E756-4472-9712-BDBBE1DB47B3}
	EndGlobalSection
EndGlobal
